// !$*UTF8*$!
{
	archiveVersion = 1;
	classes = {
	};
	objectVersion = 55;
	objects = {

/* Begin PBXBuildFile section */
		65DD2DBD2A20176A003BED28 /* AppDelegate.swift in Sources */ = {isa = PBXBuildFile; fileRef = 65DD2DBC2A20176A003BED28 /* AppDelegate.swift */; };
		65DD2DBF2A20176A003BED28 /* SceneDelegate.swift in Sources */ = {isa = PBXBuildFile; fileRef = 65DD2DBE2A20176A003BED28 /* SceneDelegate.swift */; };
		65DD2DC12A20176A003BED28 /* ViewController.swift in Sources */ = {isa = PBXBuildFile; fileRef = 65DD2DC02A20176A003BED28 /* ViewController.swift */; };
		65DD2DC42A20176A003BED28 /* Main.storyboard in Resources */ = {isa = PBXBuildFile; fileRef = 65DD2DC22A20176A003BED28 /* Main.storyboard */; };
		65DD2DC62A20176C003BED28 /* Assets.xcassets in Resources */ = {isa = PBXBuildFile; fileRef = 65DD2DC52A20176C003BED28 /* Assets.xcassets */; };
		65DD2DC92A20176C003BED28 /* LaunchScreen.storyboard in Resources */ = {isa = PBXBuildFile; fileRef = 65DD2DC72A20176C003BED28 /* LaunchScreen.storyboard */; };
		65DD2DD42A20176C003BED28 /* Weather_TestTests.swift in Sources */ = {isa = PBXBuildFile; fileRef = 65DD2DD32A20176C003BED28 /* Weather_TestTests.swift */; };
		65DD2DDE2A20176C003BED28 /* Weather_TestUITests.swift in Sources */ = {isa = PBXBuildFile; fileRef = 65DD2DDD2A20176C003BED28 /* Weather_TestUITests.swift */; };
		65DD2DE02A20176C003BED28 /* Weather_TestUITestsLaunchTests.swift in Sources */ = {isa = PBXBuildFile; fileRef = 65DD2DDF2A20176C003BED28 /* Weather_TestUITestsLaunchTests.swift */; };
		65DD2DEF2A202BF8003BED28 /* NetworkManager.swift in Sources */ = {isa = PBXBuildFile; fileRef = 65DD2DEE2A202BF8003BED28 /* NetworkManager.swift */; };
		65DD2DF22A2032EB003BED28 /* WeatherLogo.png in Resources */ = {isa = PBXBuildFile; fileRef = 65DD2DF12A2032EB003BED28 /* WeatherLogo.png */; };
		65DD2DF62A22D4A8003BED28 /* DisplayWeatherRootViewController.swift in Sources */ = {isa = PBXBuildFile; fileRef = 65DD2DF52A22D4A8003BED28 /* DisplayWeatherRootViewController.swift */; };
		65F0DD132A22D9E0000F3CB7 /* WeatherInformationView.swift in Sources */ = {isa = PBXBuildFile; fileRef = 65F0DD122A22D9E0000F3CB7 /* WeatherInformationView.swift */; };
		65F0DD152A22DBD3000F3CB7 /* Utils.swift in Sources */ = {isa = PBXBuildFile; fileRef = 65F0DD142A22DBD3000F3CB7 /* Utils.swift */; };
		65F0DD182A22DC5B000F3CB7 /* WeatherReportViewModel.swift in Sources */ = {isa = PBXBuildFile; fileRef = 65F0DD172A22DC5B000F3CB7 /* WeatherReportViewModel.swift */; };
		65F0DD1B2A22DE03000F3CB7 /* WeatherInformation.swift in Sources */ = {isa = PBXBuildFile; fileRef = 65F0DD1A2A22DE03000F3CB7 /* WeatherInformation.swift */; };
		65F0DD1D2A22DE32000F3CB7 /* WeatherApiResponse.swift in Sources */ = {isa = PBXBuildFile; fileRef = 65F0DD1C2A22DE32000F3CB7 /* WeatherApiResponse.swift */; };
		65F0DD1F2A22E3CF000F3CB7 /* Constants.swift in Sources */ = {isa = PBXBuildFile; fileRef = 65F0DD1E2A22E3CF000F3CB7 /* Constants.swift */; };
/* End PBXBuildFile section */

/* Begin PBXContainerItemProxy section */
		65DD2DD02A20176C003BED28 /* PBXContainerItemProxy */ = {
			isa = PBXContainerItemProxy;
			containerPortal = 65DD2DB12A20176A003BED28 /* Project object */;
			proxyType = 1;
			remoteGlobalIDString = 65DD2DB82A20176A003BED28;
			remoteInfo = "Weather-Test";
		};
		65DD2DDA2A20176C003BED28 /* PBXContainerItemProxy */ = {
			isa = PBXContainerItemProxy;
			containerPortal = 65DD2DB12A20176A003BED28 /* Project object */;
			proxyType = 1;
			remoteGlobalIDString = 65DD2DB82A20176A003BED28;
			remoteInfo = "Weather-Test";
		};
/* End PBXContainerItemProxy section */

/* Begin PBXFileReference section */
		65DD2DB92A20176A003BED28 /* Weather-Test.app */ = {isa = PBXFileReference; explicitFileType = wrapper.application; includeInIndex = 0; path = "Weather-Test.app"; sourceTree = BUILT_PRODUCTS_DIR; };
		65DD2DBC2A20176A003BED28 /* AppDelegate.swift */ = {isa = PBXFileReference; lastKnownFileType = sourcecode.swift; path = AppDelegate.swift; sourceTree = "<group>"; };
		65DD2DBE2A20176A003BED28 /* SceneDelegate.swift */ = {isa = PBXFileReference; lastKnownFileType = sourcecode.swift; path = SceneDelegate.swift; sourceTree = "<group>"; };
		65DD2DC02A20176A003BED28 /* ViewController.swift */ = {isa = PBXFileReference; lastKnownFileType = sourcecode.swift; path = ViewController.swift; sourceTree = "<group>"; };
		65DD2DC32A20176A003BED28 /* Base */ = {isa = PBXFileReference; lastKnownFileType = file.storyboard; name = Base; path = Base.lproj/Main.storyboard; sourceTree = "<group>"; };
		65DD2DC52A20176C003BED28 /* Assets.xcassets */ = {isa = PBXFileReference; lastKnownFileType = folder.assetcatalog; path = Assets.xcassets; sourceTree = "<group>"; };
		65DD2DC82A20176C003BED28 /* Base */ = {isa = PBXFileReference; lastKnownFileType = file.storyboard; name = Base; path = Base.lproj/LaunchScreen.storyboard; sourceTree = "<group>"; };
		65DD2DCA2A20176C003BED28 /* Info.plist */ = {isa = PBXFileReference; lastKnownFileType = text.plist.xml; path = Info.plist; sourceTree = "<group>"; };
		65DD2DCF2A20176C003BED28 /* Weather-TestTests.xctest */ = {isa = PBXFileReference; explicitFileType = wrapper.cfbundle; includeInIndex = 0; path = "Weather-TestTests.xctest"; sourceTree = BUILT_PRODUCTS_DIR; };
		65DD2DD32A20176C003BED28 /* Weather_TestTests.swift */ = {isa = PBXFileReference; lastKnownFileType = sourcecode.swift; path = Weather_TestTests.swift; sourceTree = "<group>"; };
		65DD2DD92A20176C003BED28 /* Weather-TestUITests.xctest */ = {isa = PBXFileReference; explicitFileType = wrapper.cfbundle; includeInIndex = 0; path = "Weather-TestUITests.xctest"; sourceTree = BUILT_PRODUCTS_DIR; };
		65DD2DDD2A20176C003BED28 /* Weather_TestUITests.swift */ = {isa = PBXFileReference; lastKnownFileType = sourcecode.swift; path = Weather_TestUITests.swift; sourceTree = "<group>"; };
		65DD2DDF2A20176C003BED28 /* Weather_TestUITestsLaunchTests.swift */ = {isa = PBXFileReference; lastKnownFileType = sourcecode.swift; path = Weather_TestUITestsLaunchTests.swift; sourceTree = "<group>"; };
		65DD2DEE2A202BF8003BED28 /* NetworkManager.swift */ = {isa = PBXFileReference; lastKnownFileType = sourcecode.swift; path = NetworkManager.swift; sourceTree = "<group>"; };
		65DD2DF12A2032EB003BED28 /* WeatherLogo.png */ = {isa = PBXFileReference; lastKnownFileType = image.png; path = WeatherLogo.png; sourceTree = "<group>"; };
		65DD2DF52A22D4A8003BED28 /* DisplayWeatherRootViewController.swift */ = {isa = PBXFileReference; lastKnownFileType = sourcecode.swift; path = DisplayWeatherRootViewController.swift; sourceTree = "<group>"; };
		65F0DD122A22D9E0000F3CB7 /* WeatherInformationView.swift */ = {isa = PBXFileReference; lastKnownFileType = sourcecode.swift; path = WeatherInformationView.swift; sourceTree = "<group>"; };
		65F0DD142A22DBD3000F3CB7 /* Utils.swift */ = {isa = PBXFileReference; lastKnownFileType = sourcecode.swift; path = Utils.swift; sourceTree = "<group>"; };
		65F0DD172A22DC5B000F3CB7 /* WeatherReportViewModel.swift */ = {isa = PBXFileReference; lastKnownFileType = sourcecode.swift; path = WeatherReportViewModel.swift; sourceTree = "<group>"; };
		65F0DD1A2A22DE03000F3CB7 /* WeatherInformation.swift */ = {isa = PBXFileReference; lastKnownFileType = sourcecode.swift; path = WeatherInformation.swift; sourceTree = "<group>"; };
		65F0DD1C2A22DE32000F3CB7 /* WeatherApiResponse.swift */ = {isa = PBXFileReference; lastKnownFileType = sourcecode.swift; path = WeatherApiResponse.swift; sourceTree = "<group>"; };
		65F0DD1E2A22E3CF000F3CB7 /* Constants.swift */ = {isa = PBXFileReference; lastKnownFileType = sourcecode.swift; path = Constants.swift; sourceTree = "<group>"; };
/* End PBXFileReference section */

/* Begin PBXFrameworksBuildPhase section */
		65DD2DB62A20176A003BED28 /* Frameworks */ = {
			isa = PBXFrameworksBuildPhase;
			buildActionMask = 2147483647;
			files = (
			);
			runOnlyForDeploymentPostprocessing = 0;
		};
		65DD2DCC2A20176C003BED28 /* Frameworks */ = {
			isa = PBXFrameworksBuildPhase;
			buildActionMask = 2147483647;
			files = (
			);
			runOnlyForDeploymentPostprocessing = 0;
		};
		65DD2DD62A20176C003BED28 /* Frameworks */ = {
			isa = PBXFrameworksBuildPhase;
			buildActionMask = 2147483647;
			files = (
			);
			runOnlyForDeploymentPostprocessing = 0;
		};
/* End PBXFrameworksBuildPhase section */

/* Begin PBXGroup section */
		65DD2DB02A20176A003BED28 = {
			isa = PBXGroup;
			children = (
				65DD2DBB2A20176A003BED28 /* Weather-Test */,
				65DD2DD22A20176C003BED28 /* Weather-TestTests */,
				65DD2DDC2A20176C003BED28 /* Weather-TestUITests */,
				65DD2DBA2A20176A003BED28 /* Products */,
			);
			sourceTree = "<group>";
		};
		65DD2DBA2A20176A003BED28 /* Products */ = {
			isa = PBXGroup;
			children = (
				65DD2DB92A20176A003BED28 /* Weather-Test.app */,
				65DD2DCF2A20176C003BED28 /* Weather-TestTests.xctest */,
				65DD2DD92A20176C003BED28 /* Weather-TestUITests.xctest */,
			);
			name = Products;
			sourceTree = "<group>";
		};
		65DD2DBB2A20176A003BED28 /* Weather-Test */ = {
			isa = PBXGroup;
			children = (
				65DD2DF42A22D46E003BED28 /* Views */,
				65F0DD192A22DDE4000F3CB7 /* Model */,
				65F0DD162A22DC2A000F3CB7 /* ViewModel */,
				65DD2DF32A203456003BED28 /* Main */,
				65DD2DED2A202BDB003BED28 /* Network */,
				65DD2DF02A2032C8003BED28 /* Resources */,
				65F0DD1E2A22E3CF000F3CB7 /* Constants.swift */,
				65DD2DC02A20176A003BED28 /* ViewController.swift */,
				65DD2DC22A20176A003BED28 /* Main.storyboard */,
				65DD2DC72A20176C003BED28 /* LaunchScreen.storyboard */,
				65DD2DCA2A20176C003BED28 /* Info.plist */,
				65F0DD142A22DBD3000F3CB7 /* Utils.swift */,
			);
			path = "Weather-Test";
			sourceTree = "<group>";
		};
		65DD2DD22A20176C003BED28 /* Weather-TestTests */ = {
			isa = PBXGroup;
			children = (
				65DD2DD32A20176C003BED28 /* Weather_TestTests.swift */,
			);
			path = "Weather-TestTests";
			sourceTree = "<group>";
		};
		65DD2DDC2A20176C003BED28 /* Weather-TestUITests */ = {
			isa = PBXGroup;
			children = (
				65DD2DDD2A20176C003BED28 /* Weather_TestUITests.swift */,
				65DD2DDF2A20176C003BED28 /* Weather_TestUITestsLaunchTests.swift */,
			);
			path = "Weather-TestUITests";
			sourceTree = "<group>";
		};
		65DD2DED2A202BDB003BED28 /* Network */ = {
			isa = PBXGroup;
			children = (
				65DD2DEE2A202BF8003BED28 /* NetworkManager.swift */,
			);
			path = Network;
			sourceTree = "<group>";
		};
		65DD2DF02A2032C8003BED28 /* Resources */ = {
			isa = PBXGroup;
			children = (
				65DD2DF12A2032EB003BED28 /* WeatherLogo.png */,
				65DD2DC52A20176C003BED28 /* Assets.xcassets */,
			);
			path = Resources;
			sourceTree = "<group>";
		};
		65DD2DF32A203456003BED28 /* Main */ = {
			isa = PBXGroup;
			children = (
				65DD2DBC2A20176A003BED28 /* AppDelegate.swift */,
				65DD2DBE2A20176A003BED28 /* SceneDelegate.swift */,
			);
			path = Main;
			sourceTree = "<group>";
		};
		65DD2DF42A22D46E003BED28 /* Views */ = {
			isa = PBXGroup;
			children = (
				65DD2DF52A22D4A8003BED28 /* DisplayWeatherRootViewController.swift */,
				65F0DD122A22D9E0000F3CB7 /* WeatherInformationView.swift */,
			);
			path = Views;
			sourceTree = "<group>";
		};
		65F0DD162A22DC2A000F3CB7 /* ViewModel */ = {
			isa = PBXGroup;
			children = (
				65F0DD172A22DC5B000F3CB7 /* WeatherReportViewModel.swift */,
			);
			path = ViewModel;
			sourceTree = "<group>";
		};
		65F0DD192A22DDE4000F3CB7 /* Model */ = {
			isa = PBXGroup;
			children = (
				65F0DD1A2A22DE03000F3CB7 /* WeatherInformation.swift */,
				65F0DD1C2A22DE32000F3CB7 /* WeatherApiResponse.swift */,
			);
			path = Model;
			sourceTree = "<group>";
		};
/* End PBXGroup section */

/* Begin PBXNativeTarget section */
		65DD2DB82A20176A003BED28 /* Weather-Test */ = {
			isa = PBXNativeTarget;
			buildConfigurationList = 65DD2DE32A20176C003BED28 /* Build configuration list for PBXNativeTarget "Weather-Test" */;
			buildPhases = (
				65DD2DB52A20176A003BED28 /* Sources */,
				65DD2DB62A20176A003BED28 /* Frameworks */,
				65DD2DB72A20176A003BED28 /* Resources */,
			);
			buildRules = (
			);
			dependencies = (
			);
			name = "Weather-Test";
			productName = "Weather-Test";
			productReference = 65DD2DB92A20176A003BED28 /* Weather-Test.app */;
			productType = "com.apple.product-type.application";
		};
		65DD2DCE2A20176C003BED28 /* Weather-TestTests */ = {
			isa = PBXNativeTarget;
			buildConfigurationList = 65DD2DE62A20176C003BED28 /* Build configuration list for PBXNativeTarget "Weather-TestTests" */;
			buildPhases = (
				65DD2DCB2A20176C003BED28 /* Sources */,
				65DD2DCC2A20176C003BED28 /* Frameworks */,
				65DD2DCD2A20176C003BED28 /* Resources */,
			);
			buildRules = (
			);
			dependencies = (
				65DD2DD12A20176C003BED28 /* PBXTargetDependency */,
			);
			name = "Weather-TestTests";
			productName = "Weather-TestTests";
			productReference = 65DD2DCF2A20176C003BED28 /* Weather-TestTests.xctest */;
			productType = "com.apple.product-type.bundle.unit-test";
		};
		65DD2DD82A20176C003BED28 /* Weather-TestUITests */ = {
			isa = PBXNativeTarget;
			buildConfigurationList = 65DD2DE92A20176C003BED28 /* Build configuration list for PBXNativeTarget "Weather-TestUITests" */;
			buildPhases = (
				65DD2DD52A20176C003BED28 /* Sources */,
				65DD2DD62A20176C003BED28 /* Frameworks */,
				65DD2DD72A20176C003BED28 /* Resources */,
			);
			buildRules = (
			);
			dependencies = (
				65DD2DDB2A20176C003BED28 /* PBXTargetDependency */,
			);
			name = "Weather-TestUITests";
			productName = "Weather-TestUITests";
			productReference = 65DD2DD92A20176C003BED28 /* Weather-TestUITests.xctest */;
			productType = "com.apple.product-type.bundle.ui-testing";
		};
/* End PBXNativeTarget section */

/* Begin PBXProject section */
		65DD2DB12A20176A003BED28 /* Project object */ = {
			isa = PBXProject;
			attributes = {
				BuildIndependentTargetsInParallel = 1;
				LastSwiftUpdateCheck = 1340;
				LastUpgradeCheck = 1340;
				TargetAttributes = {
					65DD2DB82A20176A003BED28 = {
						CreatedOnToolsVersion = 13.4;
					};
					65DD2DCE2A20176C003BED28 = {
						CreatedOnToolsVersion = 13.4;
						TestTargetID = 65DD2DB82A20176A003BED28;
					};
					65DD2DD82A20176C003BED28 = {
						CreatedOnToolsVersion = 13.4;
						TestTargetID = 65DD2DB82A20176A003BED28;
					};
				};
			};
			buildConfigurationList = 65DD2DB42A20176A003BED28 /* Build configuration list for PBXProject "Weather-Test" */;
			compatibilityVersion = "Xcode 13.0";
			developmentRegion = en;
			hasScannedForEncodings = 0;
			knownRegions = (
				en,
				Base,
			);
			mainGroup = 65DD2DB02A20176A003BED28;
			productRefGroup = 65DD2DBA2A20176A003BED28 /* Products */;
			projectDirPath = "";
			projectRoot = "";
			targets = (
				65DD2DB82A20176A003BED28 /* Weather-Test */,
				65DD2DCE2A20176C003BED28 /* Weather-TestTests */,
				65DD2DD82A20176C003BED28 /* Weather-TestUITests */,
			);
		};
/* End PBXProject section */

/* Begin PBXResourcesBuildPhase section */
		65DD2DB72A20176A003BED28 /* Resources */ = {
			isa = PBXResourcesBuildPhase;
			buildActionMask = 2147483647;
			files = (
				65DD2DC92A20176C003BED28 /* LaunchScreen.storyboard in Resources */,
				65DD2DC62A20176C003BED28 /* Assets.xcassets in Resources */,
				65DD2DC42A20176A003BED28 /* Main.storyboard in Resources */,
				65DD2DF22A2032EB003BED28 /* WeatherLogo.png in Resources */,
			);
			runOnlyForDeploymentPostprocessing = 0;
		};
		65DD2DCD2A20176C003BED28 /* Resources */ = {
			isa = PBXResourcesBuildPhase;
			buildActionMask = 2147483647;
			files = (
			);
			runOnlyForDeploymentPostprocessing = 0;
		};
		65DD2DD72A20176C003BED28 /* Resources */ = {
			isa = PBXResourcesBuildPhase;
			buildActionMask = 2147483647;
			files = (
			);
			runOnlyForDeploymentPostprocessing = 0;
		};
/* End PBXResourcesBuildPhase section */

/* Begin PBXSourcesBuildPhase section */
		65DD2DB52A20176A003BED28 /* Sources */ = {
			isa = PBXSourcesBuildPhase;
			buildActionMask = 2147483647;
			files = (
				65F0DD1D2A22DE32000F3CB7 /* WeatherApiResponse.swift in Sources */,
				65F0DD1F2A22E3CF000F3CB7 /* Constants.swift in Sources */,
				65DD2DC12A20176A003BED28 /* ViewController.swift in Sources */,
				65DD2DF62A22D4A8003BED28 /* DisplayWeatherRootViewController.swift in Sources */,
				65DD2DEF2A202BF8003BED28 /* NetworkManager.swift in Sources */,
				65F0DD152A22DBD3000F3CB7 /* Utils.swift in Sources */,
				65F0DD1B2A22DE03000F3CB7 /* WeatherInformation.swift in Sources */,
				65DD2DBD2A20176A003BED28 /* AppDelegate.swift in Sources */,
				65F0DD132A22D9E0000F3CB7 /* WeatherInformationView.swift in Sources */,
				65DD2DBF2A20176A003BED28 /* SceneDelegate.swift in Sources */,
				65F0DD182A22DC5B000F3CB7 /* WeatherReportViewModel.swift in Sources */,
			);
			runOnlyForDeploymentPostprocessing = 0;
		};
		65DD2DCB2A20176C003BED28 /* Sources */ = {
			isa = PBXSourcesBuildPhase;
			buildActionMask = 2147483647;
			files = (
				65DD2DD42A20176C003BED28 /* Weather_TestTests.swift in Sources */,
			);
			runOnlyForDeploymentPostprocessing = 0;
		};
		65DD2DD52A20176C003BED28 /* Sources */ = {
			isa = PBXSourcesBuildPhase;
			buildActionMask = 2147483647;
			files = (
				65DD2DDE2A20176C003BED28 /* Weather_TestUITests.swift in Sources */,
				65DD2DE02A20176C003BED28 /* Weather_TestUITestsLaunchTests.swift in Sources */,
			);
			runOnlyForDeploymentPostprocessing = 0;
		};
/* End PBXSourcesBuildPhase section */

/* Begin PBXTargetDependency section */
		65DD2DD12A20176C003BED28 /* PBXTargetDependency */ = {
			isa = PBXTargetDependency;
			target = 65DD2DB82A20176A003BED28 /* Weather-Test */;
			targetProxy = 65DD2DD02A20176C003BED28 /* PBXContainerItemProxy */;
		};
		65DD2DDB2A20176C003BED28 /* PBXTargetDependency */ = {
			isa = PBXTargetDependency;
			target = 65DD2DB82A20176A003BED28 /* Weather-Test */;
			targetProxy = 65DD2DDA2A20176C003BED28 /* PBXContainerItemProxy */;
		};
/* End PBXTargetDependency section */

/* Begin PBXVariantGroup section */
		65DD2DC22A20176A003BED28 /* Main.storyboard */ = {
			isa = PBXVariantGroup;
			children = (
				65DD2DC32A20176A003BED28 /* Base */,
			);
			name = Main.storyboard;
			sourceTree = "<group>";
		};
		65DD2DC72A20176C003BED28 /* LaunchScreen.storyboard */ = {
			isa = PBXVariantGroup;
			children = (
				65DD2DC82A20176C003BED28 /* Base */,
			);
			name = LaunchScreen.storyboard;
			sourceTree = "<group>";
		};
/* End PBXVariantGroup section */

/* Begin XCBuildConfiguration section */
		65DD2DE12A20176C003BED28 /* Debug */ = {
			isa = XCBuildConfiguration;
			buildSettings = {
				ALWAYS_SEARCH_USER_PATHS = NO;
				CLANG_ANALYZER_NONNULL = YES;
				CLANG_ANALYZER_NUMBER_OBJECT_CONVERSION = YES_AGGRESSIVE;
				CLANG_CXX_LANGUAGE_STANDARD = "gnu++17";
				CLANG_ENABLE_MODULES = YES;
				CLANG_ENABLE_OBJC_ARC = YES;
				CLANG_ENABLE_OBJC_WEAK = YES;
				CLANG_WARN_BLOCK_CAPTURE_AUTORELEASING = YES;
				CLANG_WARN_BOOL_CONVERSION = YES;
				CLANG_WARN_COMMA = YES;
				CLANG_WARN_CONSTANT_CONVERSION = YES;
				CLANG_WARN_DEPRECATED_OBJC_IMPLEMENTATIONS = YES;
				CLANG_WARN_DIRECT_OBJC_ISA_USAGE = YES_ERROR;
				CLANG_WARN_DOCUMENTATION_COMMENTS = YES;
				CLANG_WARN_EMPTY_BODY = YES;
				CLANG_WARN_ENUM_CONVERSION = YES;
				CLANG_WARN_INFINITE_RECURSION = YES;
				CLANG_WARN_INT_CONVERSION = YES;
				CLANG_WARN_NON_LITERAL_NULL_CONVERSION = YES;
				CLANG_WARN_OBJC_IMPLICIT_RETAIN_SELF = YES;
				CLANG_WARN_OBJC_LITERAL_CONVERSION = YES;
				CLANG_WARN_OBJC_ROOT_CLASS = YES_ERROR;
				CLANG_WARN_QUOTED_INCLUDE_IN_FRAMEWORK_HEADER = YES;
				CLANG_WARN_RANGE_LOOP_ANALYSIS = YES;
				CLANG_WARN_STRICT_PROTOTYPES = YES;
				CLANG_WARN_SUSPICIOUS_MOVE = YES;
				CLANG_WARN_UNGUARDED_AVAILABILITY = YES_AGGRESSIVE;
				CLANG_WARN_UNREACHABLE_CODE = YES;
				CLANG_WARN__DUPLICATE_METHOD_MATCH = YES;
				COPY_PHASE_STRIP = NO;
				DEBUG_INFORMATION_FORMAT = dwarf;
				ENABLE_STRICT_OBJC_MSGSEND = YES;
				ENABLE_TESTABILITY = YES;
				GCC_C_LANGUAGE_STANDARD = gnu11;
				GCC_DYNAMIC_NO_PIC = NO;
				GCC_NO_COMMON_BLOCKS = YES;
				GCC_OPTIMIZATION_LEVEL = 0;
				GCC_PREPROCESSOR_DEFINITIONS = (
					"DEBUG=1",
					"$(inherited)",
				);
				GCC_WARN_64_TO_32_BIT_CONVERSION = YES;
				GCC_WARN_ABOUT_RETURN_TYPE = YES_ERROR;
				GCC_WARN_UNDECLARED_SELECTOR = YES;
				GCC_WARN_UNINITIALIZED_AUTOS = YES_AGGRESSIVE;
				GCC_WARN_UNUSED_FUNCTION = YES;
				GCC_WARN_UNUSED_VARIABLE = YES;
				IPHONEOS_DEPLOYMENT_TARGET = 15.5;
				MTL_ENABLE_DEBUG_INFO = INCLUDE_SOURCE;
				MTL_FAST_MATH = YES;
				ONLY_ACTIVE_ARCH = YES;
				SDKROOT = iphoneos;
				SWIFT_ACTIVE_COMPILATION_CONDITIONS = DEBUG;
				SWIFT_OPTIMIZATION_LEVEL = "-Onone";
			};
			name = Debug;
		};
		65DD2DE22A20176C003BED28 /* Release */ = {
			isa = XCBuildConfiguration;
			buildSettings = {
				ALWAYS_SEARCH_USER_PATHS = NO;
				CLANG_ANALYZER_NONNULL = YES;
				CLANG_ANALYZER_NUMBER_OBJECT_CONVERSION = YES_AGGRESSIVE;
				CLANG_CXX_LANGUAGE_STANDARD = "gnu++17";
				CLANG_ENABLE_MODULES = YES;
				CLANG_ENABLE_OBJC_ARC = YES;
				CLANG_ENABLE_OBJC_WEAK = YES;
				CLANG_WARN_BLOCK_CAPTURE_AUTORELEASING = YES;
				CLANG_WARN_BOOL_CONVERSION = YES;
				CLANG_WARN_COMMA = YES;
				CLANG_WARN_CONSTANT_CONVERSION = YES;
				CLANG_WARN_DEPRECATED_OBJC_IMPLEMENTATIONS = YES;
				CLANG_WARN_DIRECT_OBJC_ISA_USAGE = YES_ERROR;
				CLANG_WARN_DOCUMENTATION_COMMENTS = YES;
				CLANG_WARN_EMPTY_BODY = YES;
				CLANG_WARN_ENUM_CONVERSION = YES;
				CLANG_WARN_INFINITE_RECURSION = YES;
				CLANG_WARN_INT_CONVERSION = YES;
				CLANG_WARN_NON_LITERAL_NULL_CONVERSION = YES;
				CLANG_WARN_OBJC_IMPLICIT_RETAIN_SELF = YES;
				CLANG_WARN_OBJC_LITERAL_CONVERSION = YES;
				CLANG_WARN_OBJC_ROOT_CLASS = YES_ERROR;
				CLANG_WARN_QUOTED_INCLUDE_IN_FRAMEWORK_HEADER = YES;
				CLANG_WARN_RANGE_LOOP_ANALYSIS = YES;
				CLANG_WARN_STRICT_PROTOTYPES = YES;
				CLANG_WARN_SUSPICIOUS_MOVE = YES;
				CLANG_WARN_UNGUARDED_AVAILABILITY = YES_AGGRESSIVE;
				CLANG_WARN_UNREACHABLE_CODE = YES;
				CLANG_WARN__DUPLICATE_METHOD_MATCH = YES;
				COPY_PHASE_STRIP = NO;
				DEBUG_INFORMATION_FORMAT = "dwarf-with-dsym";
				ENABLE_NS_ASSERTIONS = NO;
				ENABLE_STRICT_OBJC_MSGSEND = YES;
				GCC_C_LANGUAGE_STANDARD = gnu11;
				GCC_NO_COMMON_BLOCKS = YES;
				GCC_WARN_64_TO_32_BIT_CONVERSION = YES;
				GCC_WARN_ABOUT_RETURN_TYPE = YES_ERROR;
				GCC_WARN_UNDECLARED_SELECTOR = YES;
				GCC_WARN_UNINITIALIZED_AUTOS = YES_AGGRESSIVE;
				GCC_WARN_UNUSED_FUNCTION = YES;
				GCC_WARN_UNUSED_VARIABLE = YES;
				IPHONEOS_DEPLOYMENT_TARGET = 15.5;
				MTL_ENABLE_DEBUG_INFO = NO;
				MTL_FAST_MATH = YES;
				SDKROOT = iphoneos;
				SWIFT_COMPILATION_MODE = wholemodule;
				SWIFT_OPTIMIZATION_LEVEL = "-O";
				VALIDATE_PRODUCT = YES;
			};
			name = Release;
		};
		65DD2DE42A20176C003BED28 /* Debug */ = {
			isa = XCBuildConfiguration;
			buildSettings = {
				ASSETCATALOG_COMPILER_APPICON_NAME = AppIcon;
				ASSETCATALOG_COMPILER_GLOBAL_ACCENT_COLOR_NAME = AccentColor;
				CODE_SIGN_STYLE = Automatic;
				CURRENT_PROJECT_VERSION = 1;
				GENERATE_INFOPLIST_FILE = YES;
				INFOPLIST_FILE = "Weather-Test/Info.plist";
				INFOPLIST_KEY_UIApplicationSupportsIndirectInputEvents = YES;
				INFOPLIST_KEY_UILaunchStoryboardName = LaunchScreen;
				INFOPLIST_KEY_UIMainStoryboardFile = Main;
				INFOPLIST_KEY_UISupportedInterfaceOrientations_iPad = "UIInterfaceOrientationPortrait UIInterfaceOrientationPortraitUpsideDown UIInterfaceOrientationLandscapeLeft UIInterfaceOrientationLandscapeRight";
				INFOPLIST_KEY_UISupportedInterfaceOrientations_iPhone = "UIInterfaceOrientationPortrait UIInterfaceOrientationLandscapeLeft UIInterfaceOrientationLandscapeRight";
				LD_RUNPATH_SEARCH_PATHS = (
					"$(inherited)",
					"@executable_path/Frameworks",
				);
				MARKETING_VERSION = 1.0;
				PRODUCT_BUNDLE_IDENTIFIER = "com.lisa.com.Weather-Test";
				PRODUCT_NAME = "$(TARGET_NAME)";
				SWIFT_EMIT_LOC_STRINGS = YES;
				SWIFT_VERSION = 5.0;
				TARGETED_DEVICE_FAMILY = "1,2";
			};
			name = Debug;
		};
		65DD2DE52A20176C003BED28 /* Release */ = {
			isa = XCBuildConfiguration;
			buildSettings = {
				ASSETCATALOG_COMPILER_APPICON_NAME = AppIcon;
				ASSETCATALOG_COMPILER_GLOBAL_ACCENT_COLOR_NAME = AccentColor;
				CODE_SIGN_STYLE = Automatic;
				CURRENT_PROJECT_VERSION = 1;
				GENERATE_INFOPLIST_FILE = YES;
				INFOPLIST_FILE = "Weather-Test/Info.plist";
				INFOPLIST_KEY_UIApplicationSupportsIndirectInputEvents = YES;
				INFOPLIST_KEY_UILaunchStoryboardName = LaunchScreen;
				INFOPLIST_KEY_UIMainStoryboardFile = Main;
				INFOPLIST_KEY_UISupportedInterfaceOrientations_iPad = "UIInterfaceOrientationPortrait UIInterfaceOrientationPortraitUpsideDown UIInterfaceOrientationLandscapeLeft UIInterfaceOrientationLandscapeRight";
				INFOPLIST_KEY_UISupportedInterfaceOrientations_iPhone = "UIInterfaceOrientationPortrait UIInterfaceOrientationLandscapeLeft UIInterfaceOrientationLandscapeRight";
				LD_RUNPATH_SEARCH_PATHS = (
					"$(inherited)",
					"@executable_path/Frameworks",
				);
				MARKETING_VERSION = 1.0;
				PRODUCT_BUNDLE_IDENTIFIER = "com.lisa.com.Weather-Test";
				PRODUCT_NAME = "$(TARGET_NAME)";
				SWIFT_EMIT_LOC_STRINGS = YES;
				SWIFT_VERSION = 5.0;
				TARGETED_DEVICE_FAMILY = "1,2";
			};
			name = Release;
		};
		65DD2DE72A20176C003BED28 /* Debug */ = {
			isa = XCBuildConfiguration;
			buildSettings = {
				ALWAYS_EMBED_SWIFT_STANDARD_LIBRARIES = YES;
				BUNDLE_LOADER = "$(TEST_HOST)";
				CODE_SIGN_STYLE = Automatic;
				CURRENT_PROJECT_VERSION = 1;
				GENERATE_INFOPLIST_FILE = YES;
				IPHONEOS_DEPLOYMENT_TARGET = 15.5;
				MARKETING_VERSION = 1.0;
				PRODUCT_BUNDLE_IDENTIFIER = "com.lisa.com.Weather-TestTests";
				PRODUCT_NAME = "$(TARGET_NAME)";
				SWIFT_EMIT_LOC_STRINGS = NO;
				SWIFT_VERSION = 5.0;
				TARGETED_DEVICE_FAMILY = "1,2";
				TEST_HOST = "$(BUILT_PRODUCTS_DIR)/Weather-Test.app/Weather-Test";
			};
			name = Debug;
		};
		65DD2DE82A20176C003BED28 /* Release */ = {
			isa = XCBuildConfiguration;
			buildSettings = {
				ALWAYS_EMBED_SWIFT_STANDARD_LIBRARIES = YES;
				BUNDLE_LOADER = "$(TEST_HOST)";
				CODE_SIGN_STYLE = Automatic;
				CURRENT_PROJECT_VERSION = 1;
				GENERATE_INFOPLIST_FILE = YES;
				IPHONEOS_DEPLOYMENT_TARGET = 15.5;
				MARKETING_VERSION = 1.0;
				PRODUCT_BUNDLE_IDENTIFIER = "com.lisa.com.Weather-TestTests";
				PRODUCT_NAME = "$(TARGET_NAME)";
				SWIFT_EMIT_LOC_STRINGS = NO;
				SWIFT_VERSION = 5.0;
				TARGETED_DEVICE_FAMILY = "1,2";
				TEST_HOST = "$(BUILT_PRODUCTS_DIR)/Weather-Test.app/Weather-Test";
			};
			name = Release;
		};
		65DD2DEA2A20176C003BED28 /* Debug */ = {
			isa = XCBuildConfiguration;
			buildSettings = {
				ALWAYS_EMBED_SWIFT_STANDARD_LIBRARIES = YES;
				CODE_SIGN_STYLE = Automatic;
				CURRENT_PROJECT_VERSION = 1;
				GENERATE_INFOPLIST_FILE = YES;
				MARKETING_VERSION = 1.0;
				PRODUCT_BUNDLE_IDENTIFIER = "com.lisa.com.Weather-TestUITests";
				PRODUCT_NAME = "$(TARGET_NAME)";
				SWIFT_EMIT_LOC_STRINGS = NO;
				SWIFT_VERSION = 5.0;
				TARGETED_DEVICE_FAMILY = "1,2";
				TEST_TARGET_NAME = "Weather-Test";
			};
			name = Debug;
		};
		65DD2DEB2A20176C003BED28 /* Release */ = {
			isa = XCBuildConfiguration;
			buildSettings = {
				ALWAYS_EMBED_SWIFT_STANDARD_LIBRARIES = YES;
				CODE_SIGN_STYLE = Automatic;
				CURRENT_PROJECT_VERSION = 1;
				GENERATE_INFOPLIST_FILE = YES;
				MARKETING_VERSION = 1.0;
				PRODUCT_BUNDLE_IDENTIFIER = "com.lisa.com.Weather-TestUITests";
				PRODUCT_NAME = "$(TARGET_NAME)";
				SWIFT_EMIT_LOC_STRINGS = NO;
				SWIFT_VERSION = 5.0;
				TARGETED_DEVICE_FAMILY = "1,2";
				TEST_TARGET_NAME = "Weather-Test";
			};
			name = Release;
		};
/* End XCBuildConfiguration section */

/* Begin XCConfigurationList section */
		65DD2DB42A20176A003BED28 /* Build configuration list for PBXProject "Weather-Test" */ = {
			isa = XCConfigurationList;
			buildConfigurations = (
				65DD2DE12A20176C003BED28 /* Debug */,
				65DD2DE22A20176C003BED28 /* Release */,
			);
			defaultConfigurationIsVisible = 0;
			defaultConfigurationName = Release;
		};
		65DD2DE32A20176C003BED28 /* Build configuration list for PBXNativeTarget "Weather-Test" */ = {
			isa = XCConfigurationList;
			buildConfigurations = (
				65DD2DE42A20176C003BED28 /* Debug */,
				65DD2DE52A20176C003BED28 /* Release */,
			);
			defaultConfigurationIsVisible = 0;
			defaultConfigurationName = Release;
		};
		65DD2DE62A20176C003BED28 /* Build configuration list for PBXNativeTarget "Weather-TestTests" */ = {
			isa = XCConfigurationList;
			buildConfigurations = (
				65DD2DE72A20176C003BED28 /* Debug */,
				65DD2DE82A20176C003BED28 /* Release */,
			);
			defaultConfigurationIsVisible = 0;
			defaultConfigurationName = Release;
		};
		65DD2DE92A20176C003BED28 /* Build configuration list for PBXNativeTarget "Weather-TestUITests" */ = {
			isa = XCConfigurationList;
			buildConfigurations = (
				65DD2DEA2A20176C003BED28 /* Debug */,
				65DD2DEB2A20176C003BED28 /* Release */,
			);
			defaultConfigurationIsVisible = 0;
			defaultConfigurationName = Release;
		};
/* End XCConfigurationList section */
	};
	rootObject = 65DD2DB12A20176A003BED28 /* Project object */;
}
